
Microsoft Visual Studio Solution File, Format Version 12.00
# Visual Studio Version 16
VisualStudioVersion = 16.0.30717.126
MinimumVisualStudioVersion = 10.0.40219.1
Project("{9A19103F-16F7-4668-BE54-9A1E7A4F7556}") = "BlazorDSL", "BlazorDSL\BlazorDSL.csproj", "{EAF8EC3D-B9D8-4AEA-A178-1A16235CC738}"
EndProject
Project("{9A19103F-16F7-4668-BE54-9A1E7A4F7556}") = "DSLMethodsGenerator", "DSLMethodsGenerator\DSLMethodsGenerator.csproj", "{8161563E-CEFC-417D-BE0B-B505797BCBAC}"
EndProject
Project("{FAE04EC0-301F-11D3-BF4B-00C04F79EFBC}") = "Lib", "Lib\Lib.csproj", "{9267D62F-3688-4D48-A7FA-113F47797E14}"
EndProject
Global
	GlobalSection(SolutionConfigurationPlatforms) = preSolution
		Debug|Any CPU = Debug|Any CPU
		Release|Any CPU = Release|Any CPU
	EndGlobalSection
	GlobalSection(ProjectConfigurationPlatforms) = postSolution
		{EAF8EC3D-B9D8-4AEA-A178-1A16235CC738}.Debug|Any CPU.ActiveCfg = Debug|Any CPU
		{EAF8EC3D-B9D8-4AEA-A178-1A16235CC738}.Debug|Any CPU.Build.0 = Debug|Any CPU
		{EAF8EC3D-B9D8-4AEA-A178-1A16235CC738}.Release|Any CPU.ActiveCfg = Release|Any CPU
		{EAF8EC3D-B9D8-4AEA-A178-1A16235CC738}.Release|Any CPU.Build.0 = Release|Any CPU
		{8161563E-CEFC-417D-BE0B-B505797BCBAC}.Debug|Any CPU.ActiveCfg = Debug|Any CPU
		{8161563E-CEFC-417D-BE0B-B505797BCBAC}.Debug|Any CPU.Build.0 = Debug|Any CPU
		{8161563E-CEFC-417D-BE0B-B505797BCBAC}.Release|Any CPU.ActiveCfg = Release|Any CPU
		{8161563E-CEFC-417D-BE0B-B505797BCBAC}.Release|Any CPU.Build.0 = Release|Any CPU
		{9267D62F-3688-4D48-A7FA-113F47797E14}.Debug|Any CPU.ActiveCfg = Debug|Any CPU
		{9267D62F-3688-4D48-A7FA-113F47797E14}.Debug|Any CPU.Build.0 = Debug|Any CPU
		{9267D62F-3688-4D48-A7FA-113F47797E14}.Release|Any CPU.ActiveCfg = Release|Any CPU
		{9267D62F-3688-4D48-A7FA-113F47797E14}.Release|Any CPU.Build.0 = Release|Any CPU
	EndGlobalSection
	GlobalSection(SolutionProperties) = preSolution
		HideSolutionNode = FALSE
	EndGlobalSection
	GlobalSection(ExtensibilityGlobals) = postSolution
		SolutionGuid = {C1970327-1D5E-4E32-B9E3-DA37B85F206D}
	EndGlobalSection
EndGlobal
